
Microsoft Visual Studio Solution File, Format Version 12.00
# Visual Studio Version 17
VisualStudioVersion = 17.0.32126.317
MinimumVisualStudioVersion = 10.0.40219.1
Project("{FAE04EC0-301F-11D3-BF4B-00C04F79EFBC}") = "RestaurantAPI", "RestaurantAPI\RestaurantAPI.csproj", "{EBE5AF50-AFA7-4625-86FA-25F00153FA74}"
EndProject
Global
	GlobalSection(SolutionConfigurationPlatforms) = preSolution
		Debug|Any CPU = Debug|Any CPU
		Release|Any CPU = Release|Any CPU
	EndGlobalSection
	GlobalSection(ProjectConfigurationPlatforms) = postSolution
		{EBE5AF50-AFA7-4625-86FA-25F00153FA74}.Debug|Any CPU.ActiveCfg = Debug|Any CPU
		{EBE5AF50-AFA7-4625-86FA-25F00153FA74}.Debug|Any CPU.Build.0 = Debug|Any CPU
		{EBE5AF50-AFA7-4625-86FA-25F00153FA74}.Release|Any CPU.ActiveCfg = Release|Any CPU
		{EBE5AF50-AFA7-4625-86FA-25F00153FA74}.Release|Any CPU.Build.0 = Release|Any CPU
	EndGlobalSection
	GlobalSection(SolutionProperties) = preSolution
		HideSolutionNode = FALSE
	EndGlobalSection
	GlobalSection(ExtensibilityGlobals) = postSolution
		SolutionGuid = {C7FE842F-6A75-470F-9695-7488A6A0AC2E}
	EndGlobalSection
EndGlobal
